// !$*UTF8*$!
{
	archiveVersion = 1;
	classes = {
	};
	objectVersion = 50;
	objects = {

/* Begin PBXBuildFile section */
		051DA35A249C8D5E007B9AFE /* AppDelegate.swift in Sources */ = {isa = PBXBuildFile; fileRef = 051DA359249C8D5E007B9AFE /* AppDelegate.swift */; };
		051DA35C249C8D5E007B9AFE /* SceneDelegate.swift in Sources */ = {isa = PBXBuildFile; fileRef = 051DA35B249C8D5E007B9AFE /* SceneDelegate.swift */; };
		051DA361249C8D5E007B9AFE /* Main.storyboard in Resources */ = {isa = PBXBuildFile; fileRef = 051DA35F249C8D5E007B9AFE /* Main.storyboard */; };
		051DA363249C8D60007B9AFE /* Assets.xcassets in Resources */ = {isa = PBXBuildFile; fileRef = 051DA362249C8D60007B9AFE /* Assets.xcassets */; };
		051DA366249C8D60007B9AFE /* LaunchScreen.storyboard in Resources */ = {isa = PBXBuildFile; fileRef = 051DA364249C8D60007B9AFE /* LaunchScreen.storyboard */; };
		051DA36E249C8E83007B9AFE /* FeedViewController.swift in Sources */ = {isa = PBXBuildFile; fileRef = 051DA36D249C8E83007B9AFE /* FeedViewController.swift */; };
		051DA370249C8E92007B9AFE /* SearchViewController.swift in Sources */ = {isa = PBXBuildFile; fileRef = 051DA36F249C8E92007B9AFE /* SearchViewController.swift */; };
		051DA372249C8EB9007B9AFE /* Feed.storyboard in Resources */ = {isa = PBXBuildFile; fileRef = 051DA371249C8EB9007B9AFE /* Feed.storyboard */; };
		051DA374249C8EC5007B9AFE /* Search.storyboard in Resources */ = {isa = PBXBuildFile; fileRef = 051DA373249C8EC5007B9AFE /* Search.storyboard */; };
		051DA37E249C95F9007B9AFE /* Model.swift in Sources */ = {isa = PBXBuildFile; fileRef = 051DA376249C95F8007B9AFE /* Model.swift */; };
		051DA380249C95F9007B9AFE /* Urls.swift in Sources */ = {isa = PBXBuildFile; fileRef = 051DA378249C95F9007B9AFE /* Urls.swift */; };
		051DA381249C95F9007B9AFE /* Sponsorship.swift in Sources */ = {isa = PBXBuildFile; fileRef = 051DA379249C95F9007B9AFE /* Sponsorship.swift */; };
		051DA382249C95F9007B9AFE /* Links.swift in Sources */ = {isa = PBXBuildFile; fileRef = 051DA37A249C95F9007B9AFE /* Links.swift */; };
		051DA383249C95F9007B9AFE /* Profile_image.swift in Sources */ = {isa = PBXBuildFile; fileRef = 051DA37B249C95F9007B9AFE /* Profile_image.swift */; };
		051DA384249C95F9007B9AFE /* Sponsor.swift in Sources */ = {isa = PBXBuildFile; fileRef = 051DA37C249C95F9007B9AFE /* Sponsor.swift */; };
		051DA385249C95F9007B9AFE /* User.swift in Sources */ = {isa = PBXBuildFile; fileRef = 051DA37D249C95F9007B9AFE /* User.swift */; };
		051DA389249D0742007B9AFE /* NetworkManager.swift in Sources */ = {isa = PBXBuildFile; fileRef = 051DA388249D0742007B9AFE /* NetworkManager.swift */; };
		051DA38D249D0956007B9AFE /* PhotoDetailsViewController.swift in Sources */ = {isa = PBXBuildFile; fileRef = 051DA38C249D0956007B9AFE /* PhotoDetailsViewController.swift */; };
		051DA391249D0A2D007B9AFE /* FeedCollectionViewCell.swift in Sources */ = {isa = PBXBuildFile; fileRef = 051DA38F249D0A2D007B9AFE /* FeedCollectionViewCell.swift */; };
		051DA392249D0A2D007B9AFE /* FeedCollectionViewCell.xib in Resources */ = {isa = PBXBuildFile; fileRef = 051DA390249D0A2D007B9AFE /* FeedCollectionViewCell.xib */; };
		051DA398249D0E0E007B9AFE /* PhotoDetails.storyboard in Resources */ = {isa = PBXBuildFile; fileRef = 051DA397249D0E0E007B9AFE /* PhotoDetails.storyboard */; };
		051DA39B249D2311007B9AFE /* UtilityMethods.swift in Sources */ = {isa = PBXBuildFile; fileRef = 051DA39A249D2311007B9AFE /* UtilityMethods.swift */; };
		051DA39D249D2326007B9AFE /* BaseViewController.swift in Sources */ = {isa = PBXBuildFile; fileRef = 051DA39C249D2326007B9AFE /* BaseViewController.swift */; };
		051DA39F249D2362007B9AFE /* CustomIndicatorView.swift in Sources */ = {isa = PBXBuildFile; fileRef = 051DA39E249D2362007B9AFE /* CustomIndicatorView.swift */; };
		051DA3A1249D23A3007B9AFE /* CircleView.swift in Sources */ = {isa = PBXBuildFile; fileRef = 051DA3A0249D23A3007B9AFE /* CircleView.swift */; };
		051DA3A4249D2901007B9AFE /* SearchResultsTableViewCell.swift in Sources */ = {isa = PBXBuildFile; fileRef = 051DA3A2249D2901007B9AFE /* SearchResultsTableViewCell.swift */; };
		051DA3A5249D2901007B9AFE /* SearchResultsTableViewCell.xib in Resources */ = {isa = PBXBuildFile; fileRef = 051DA3A3249D2901007B9AFE /* SearchResultsTableViewCell.xib */; };
		051DA3B6249D4C73007B9AFE /* Category.swift in Sources */ = {isa = PBXBuildFile; fileRef = 051DA3A9249D4C72007B9AFE /* Category.swift */; };
		051DA3B7249D4C73007B9AFE /* Type.swift in Sources */ = {isa = PBXBuildFile; fileRef = 051DA3AA249D4C72007B9AFE /* Type.swift */; };
		051DA3B8249D4C73007B9AFE /* CoverPhoto.swift in Sources */ = {isa = PBXBuildFile; fileRef = 051DA3AB249D4C72007B9AFE /* CoverPhoto.swift */; };
		051DA3B9249D4C73007B9AFE /* Source.swift in Sources */ = {isa = PBXBuildFile; fileRef = 051DA3AC249D4C72007B9AFE /* Source.swift */; };
		051DA3BA249D4C73007B9AFE /* Subcategory.swift in Sources */ = {isa = PBXBuildFile; fileRef = 051DA3AD249D4C72007B9AFE /* Subcategory.swift */; };
		051DA3BB249D4C73007B9AFE /* SearchResultsModel.swift in Sources */ = {isa = PBXBuildFile; fileRef = 051DA3AE249D4C72007B9AFE /* SearchResultsModel.swift */; };
		051DA3BC249D4C73007B9AFE /* Ancestry.swift in Sources */ = {isa = PBXBuildFile; fileRef = 051DA3AF249D4C73007B9AFE /* Ancestry.swift */; };
		051DA3C0249D4C73007B9AFE /* Tags.swift in Sources */ = {isa = PBXBuildFile; fileRef = 051DA3B3249D4C73007B9AFE /* Tags.swift */; };
		051DA3C9249D7A4A007B9AFE /* RoundedCornersView.swift in Sources */ = {isa = PBXBuildFile; fileRef = 051DA3C8249D7A4A007B9AFE /* RoundedCornersView.swift */; };
		05660533249EA171003640FF /* RoundedView.swift in Sources */ = {isa = PBXBuildFile; fileRef = 05660532249EA171003640FF /* RoundedView.swift */; };
		056A7B15249D9AC4004FF4CD /* AppFonts.swift in Sources */ = {isa = PBXBuildFile; fileRef = 056A7B14249D9AC4004FF4CD /* AppFonts.swift */; };
		056A7B1B249D9DE1004FF4CD /* CenteredFlowLayout.swift in Sources */ = {isa = PBXBuildFile; fileRef = 056A7B1A249D9DE1004FF4CD /* CenteredFlowLayout.swift */; };
		056A7B1E249D9E6A004FF4CD /* FeaturedCollectionViewCell.swift in Sources */ = {isa = PBXBuildFile; fileRef = 056A7B1C249D9E6A004FF4CD /* FeaturedCollectionViewCell.swift */; };
		056A7B1F249D9E6A004FF4CD /* FeaturedCollectionViewCell.xib in Resources */ = {isa = PBXBuildFile; fileRef = 056A7B1D249D9E6A004FF4CD /* FeaturedCollectionViewCell.xib */; };
		056A7B23249DB6EA004FF4CD /* ListHeaderView.xib in Resources */ = {isa = PBXBuildFile; fileRef = 056A7B22249DB6EA004FF4CD /* ListHeaderView.xib */; };
		056A7B25249DB715004FF4CD /* ListHeaderView.swift in Sources */ = {isa = PBXBuildFile; fileRef = 056A7B24249DB715004FF4CD /* ListHeaderView.swift */; };
		059C4A28249FE682007366CC /* Storyboard+Extension.swift in Sources */ = {isa = PBXBuildFile; fileRef = 059C4A27249FE682007366CC /* Storyboard+Extension.swift */; };
/* End PBXBuildFile section */

/* Begin PBXFileReference section */
		051DA356249C8D5E007B9AFE /* Photo Browser.app */ = {isa = PBXFileReference; explicitFileType = wrapper.application; includeInIndex = 0; path = "Photo Browser.app"; sourceTree = BUILT_PRODUCTS_DIR; };
		051DA359249C8D5E007B9AFE /* AppDelegate.swift */ = {isa = PBXFileReference; lastKnownFileType = sourcecode.swift; path = AppDelegate.swift; sourceTree = "<group>"; };
		051DA35B249C8D5E007B9AFE /* SceneDelegate.swift */ = {isa = PBXFileReference; lastKnownFileType = sourcecode.swift; path = SceneDelegate.swift; sourceTree = "<group>"; };
		051DA360249C8D5E007B9AFE /* Base */ = {isa = PBXFileReference; lastKnownFileType = file.storyboard; name = Base; path = Base.lproj/Main.storyboard; sourceTree = "<group>"; };
		051DA362249C8D60007B9AFE /* Assets.xcassets */ = {isa = PBXFileReference; lastKnownFileType = folder.assetcatalog; path = Assets.xcassets; sourceTree = "<group>"; };
		051DA365249C8D60007B9AFE /* Base */ = {isa = PBXFileReference; lastKnownFileType = file.storyboard; name = Base; path = Base.lproj/LaunchScreen.storyboard; sourceTree = "<group>"; };
		051DA367249C8D60007B9AFE /* Info.plist */ = {isa = PBXFileReference; lastKnownFileType = text.plist.xml; path = Info.plist; sourceTree = "<group>"; };
		051DA36D249C8E83007B9AFE /* FeedViewController.swift */ = {isa = PBXFileReference; lastKnownFileType = sourcecode.swift; path = FeedViewController.swift; sourceTree = "<group>"; };
		051DA36F249C8E92007B9AFE /* SearchViewController.swift */ = {isa = PBXFileReference; lastKnownFileType = sourcecode.swift; path = SearchViewController.swift; sourceTree = "<group>"; };
		051DA371249C8EB9007B9AFE /* Feed.storyboard */ = {isa = PBXFileReference; lastKnownFileType = file.storyboard; path = Feed.storyboard; sourceTree = "<group>"; };
		051DA373249C8EC5007B9AFE /* Search.storyboard */ = {isa = PBXFileReference; lastKnownFileType = file.storyboard; path = Search.storyboard; sourceTree = "<group>"; };
		051DA376249C95F8007B9AFE /* Model.swift */ = {isa = PBXFileReference; fileEncoding = 4; lastKnownFileType = sourcecode.swift; path = Model.swift; sourceTree = "<group>"; };
		051DA378249C95F9007B9AFE /* Urls.swift */ = {isa = PBXFileReference; fileEncoding = 4; lastKnownFileType = sourcecode.swift; path = Urls.swift; sourceTree = "<group>"; };
		051DA379249C95F9007B9AFE /* Sponsorship.swift */ = {isa = PBXFileReference; fileEncoding = 4; lastKnownFileType = sourcecode.swift; path = Sponsorship.swift; sourceTree = "<group>"; };
		051DA37A249C95F9007B9AFE /* Links.swift */ = {isa = PBXFileReference; fileEncoding = 4; lastKnownFileType = sourcecode.swift; path = Links.swift; sourceTree = "<group>"; };
		051DA37B249C95F9007B9AFE /* Profile_image.swift */ = {isa = PBXFileReference; fileEncoding = 4; lastKnownFileType = sourcecode.swift; path = Profile_image.swift; sourceTree = "<group>"; };
		051DA37C249C95F9007B9AFE /* Sponsor.swift */ = {isa = PBXFileReference; fileEncoding = 4; lastKnownFileType = sourcecode.swift; path = Sponsor.swift; sourceTree = "<group>"; };
		051DA37D249C95F9007B9AFE /* User.swift */ = {isa = PBXFileReference; fileEncoding = 4; lastKnownFileType = sourcecode.swift; path = User.swift; sourceTree = "<group>"; };
		051DA388249D0742007B9AFE /* NetworkManager.swift */ = {isa = PBXFileReference; lastKnownFileType = sourcecode.swift; path = NetworkManager.swift; sourceTree = "<group>"; };
		051DA38C249D0956007B9AFE /* PhotoDetailsViewController.swift */ = {isa = PBXFileReference; lastKnownFileType = sourcecode.swift; path = PhotoDetailsViewController.swift; sourceTree = "<group>"; };
		051DA38F249D0A2D007B9AFE /* FeedCollectionViewCell.swift */ = {isa = PBXFileReference; lastKnownFileType = sourcecode.swift; path = FeedCollectionViewCell.swift; sourceTree = "<group>"; };
		051DA390249D0A2D007B9AFE /* FeedCollectionViewCell.xib */ = {isa = PBXFileReference; lastKnownFileType = file.xib; path = FeedCollectionViewCell.xib; sourceTree = "<group>"; };
		051DA397249D0E0E007B9AFE /* PhotoDetails.storyboard */ = {isa = PBXFileReference; lastKnownFileType = file.storyboard; path = PhotoDetails.storyboard; sourceTree = "<group>"; };
		051DA39A249D2311007B9AFE /* UtilityMethods.swift */ = {isa = PBXFileReference; lastKnownFileType = sourcecode.swift; path = UtilityMethods.swift; sourceTree = "<group>"; };
		051DA39C249D2326007B9AFE /* BaseViewController.swift */ = {isa = PBXFileReference; lastKnownFileType = sourcecode.swift; path = BaseViewController.swift; sourceTree = "<group>"; };
		051DA39E249D2362007B9AFE /* CustomIndicatorView.swift */ = {isa = PBXFileReference; lastKnownFileType = sourcecode.swift; path = CustomIndicatorView.swift; sourceTree = "<group>"; };
		051DA3A0249D23A3007B9AFE /* CircleView.swift */ = {isa = PBXFileReference; lastKnownFileType = sourcecode.swift; path = CircleView.swift; sourceTree = "<group>"; };
		051DA3A2249D2901007B9AFE /* SearchResultsTableViewCell.swift */ = {isa = PBXFileReference; lastKnownFileType = sourcecode.swift; path = SearchResultsTableViewCell.swift; sourceTree = "<group>"; };
		051DA3A3249D2901007B9AFE /* SearchResultsTableViewCell.xib */ = {isa = PBXFileReference; lastKnownFileType = file.xib; path = SearchResultsTableViewCell.xib; sourceTree = "<group>"; };
		051DA3A9249D4C72007B9AFE /* Category.swift */ = {isa = PBXFileReference; fileEncoding = 4; lastKnownFileType = sourcecode.swift; path = Category.swift; sourceTree = "<group>"; };
		051DA3AA249D4C72007B9AFE /* Type.swift */ = {isa = PBXFileReference; fileEncoding = 4; lastKnownFileType = sourcecode.swift; path = Type.swift; sourceTree = "<group>"; };
		051DA3AB249D4C72007B9AFE /* CoverPhoto.swift */ = {isa = PBXFileReference; fileEncoding = 4; lastKnownFileType = sourcecode.swift; path = CoverPhoto.swift; sourceTree = "<group>"; };
		051DA3AC249D4C72007B9AFE /* Source.swift */ = {isa = PBXFileReference; fileEncoding = 4; lastKnownFileType = sourcecode.swift; path = Source.swift; sourceTree = "<group>"; };
		051DA3AD249D4C72007B9AFE /* Subcategory.swift */ = {isa = PBXFileReference; fileEncoding = 4; lastKnownFileType = sourcecode.swift; path = Subcategory.swift; sourceTree = "<group>"; };
		051DA3AE249D4C72007B9AFE /* SearchResultsModel.swift */ = {isa = PBXFileReference; fileEncoding = 4; lastKnownFileType = sourcecode.swift; path = SearchResultsModel.swift; sourceTree = "<group>"; };
		051DA3AF249D4C73007B9AFE /* Ancestry.swift */ = {isa = PBXFileReference; fileEncoding = 4; lastKnownFileType = sourcecode.swift; path = Ancestry.swift; sourceTree = "<group>"; };
		051DA3B3249D4C73007B9AFE /* Tags.swift */ = {isa = PBXFileReference; fileEncoding = 4; lastKnownFileType = sourcecode.swift; path = Tags.swift; sourceTree = "<group>"; };
		051DA3C8249D7A4A007B9AFE /* RoundedCornersView.swift */ = {isa = PBXFileReference; lastKnownFileType = sourcecode.swift; path = RoundedCornersView.swift; sourceTree = "<group>"; };
		05660532249EA171003640FF /* RoundedView.swift */ = {isa = PBXFileReference; lastKnownFileType = sourcecode.swift; path = RoundedView.swift; sourceTree = "<group>"; };
		056A7B14249D9AC4004FF4CD /* AppFonts.swift */ = {isa = PBXFileReference; lastKnownFileType = sourcecode.swift; path = AppFonts.swift; sourceTree = "<group>"; };
		056A7B1A249D9DE1004FF4CD /* CenteredFlowLayout.swift */ = {isa = PBXFileReference; lastKnownFileType = sourcecode.swift; path = CenteredFlowLayout.swift; sourceTree = "<group>"; };
		056A7B1C249D9E6A004FF4CD /* FeaturedCollectionViewCell.swift */ = {isa = PBXFileReference; lastKnownFileType = sourcecode.swift; path = FeaturedCollectionViewCell.swift; sourceTree = "<group>"; };
		056A7B1D249D9E6A004FF4CD /* FeaturedCollectionViewCell.xib */ = {isa = PBXFileReference; lastKnownFileType = file.xib; path = FeaturedCollectionViewCell.xib; sourceTree = "<group>"; };
		056A7B22249DB6EA004FF4CD /* ListHeaderView.xib */ = {isa = PBXFileReference; lastKnownFileType = file.xib; path = ListHeaderView.xib; sourceTree = "<group>"; };
		056A7B24249DB715004FF4CD /* ListHeaderView.swift */ = {isa = PBXFileReference; lastKnownFileType = sourcecode.swift; path = ListHeaderView.swift; sourceTree = "<group>"; };
		059C4A27249FE682007366CC /* Storyboard+Extension.swift */ = {isa = PBXFileReference; lastKnownFileType = sourcecode.swift; path = "Storyboard+Extension.swift"; sourceTree = "<group>"; };
/* End PBXFileReference section */

/* Begin PBXFrameworksBuildPhase section */
		051DA353249C8D5E007B9AFE /* Frameworks */ = {
			isa = PBXFrameworksBuildPhase;
			buildActionMask = 2147483647;
			files = (
			);
			runOnlyForDeploymentPostprocessing = 0;
		};
/* End PBXFrameworksBuildPhase section */

/* Begin PBXGroup section */
		051DA34D249C8D5E007B9AFE = {
			isa = PBXGroup;
			children = (
				051DA358249C8D5E007B9AFE /* Photo Browser */,
				051DA357249C8D5E007B9AFE /* Products */,
			);
			sourceTree = "<group>";
		};
		051DA357249C8D5E007B9AFE /* Products */ = {
			isa = PBXGroup;
			children = (
				051DA356249C8D5E007B9AFE /* Photo Browser.app */,
			);
			name = Products;
			sourceTree = "<group>";
		};
		051DA358249C8D5E007B9AFE /* Photo Browser */ = {
			isa = PBXGroup;
			children = (
				051DA359249C8D5E007B9AFE /* AppDelegate.swift */,
				051DA35B249C8D5E007B9AFE /* SceneDelegate.swift */,
				051DA399249D22FC007B9AFE /* Convenience */,
				051DA387249D0711007B9AFE /* Network */,
				051DA375249C95B3007B9AFE /* Model */,
				051DA38E249D0A14007B9AFE /* View */,
				051DA386249C9638007B9AFE /* Controller */,
				051DA35F249C8D5E007B9AFE /* Main.storyboard */,
				051DA371249C8EB9007B9AFE /* Feed.storyboard */,
				051DA373249C8EC5007B9AFE /* Search.storyboard */,
				051DA397249D0E0E007B9AFE /* PhotoDetails.storyboard */,
				051DA362249C8D60007B9AFE /* Assets.xcassets */,
				051DA364249C8D60007B9AFE /* LaunchScreen.storyboard */,
				051DA367249C8D60007B9AFE /* Info.plist */,
			);
			path = "Photo Browser";
			sourceTree = "<group>";
		};
		051DA375249C95B3007B9AFE /* Model */ = {
			isa = PBXGroup;
			children = (
				051DA3A7249D4C5C007B9AFE /* Search Results */,
				051DA3A6249D4C47007B9AFE /* Regular */,
			);
			path = Model;
			sourceTree = "<group>";
		};
		051DA386249C9638007B9AFE /* Controller */ = {
			isa = PBXGroup;
			children = (
				051DA36D249C8E83007B9AFE /* FeedViewController.swift */,
				051DA38C249D0956007B9AFE /* PhotoDetailsViewController.swift */,
				051DA36F249C8E92007B9AFE /* SearchViewController.swift */,
			);
			path = Controller;
			sourceTree = "<group>";
		};
		051DA387249D0711007B9AFE /* Network */ = {
			isa = PBXGroup;
			children = (
				051DA388249D0742007B9AFE /* NetworkManager.swift */,
			);
			path = Network;
			sourceTree = "<group>";
		};
		051DA38E249D0A14007B9AFE /* View */ = {
			isa = PBXGroup;
			children = (
				051DA3C6249D5F4A007B9AFE /* Feed */,
				051DA3C7249D5F54007B9AFE /* Search */,
			);
			path = View;
			sourceTree = "<group>";
		};
		051DA399249D22FC007B9AFE /* Convenience */ = {
			isa = PBXGroup;
			children = (
				051DA39C249D2326007B9AFE /* BaseViewController.swift */,
				051DA39E249D2362007B9AFE /* CustomIndicatorView.swift */,
				051DA39A249D2311007B9AFE /* UtilityMethods.swift */,
				051DA3A0249D23A3007B9AFE /* CircleView.swift */,
				05660532249EA171003640FF /* RoundedView.swift */,
				051DA3C8249D7A4A007B9AFE /* RoundedCornersView.swift */,
				059C4A27249FE682007366CC /* Storyboard+Extension.swift */,
				056A7B14249D9AC4004FF4CD /* AppFonts.swift */,
			);
			path = Convenience;
			sourceTree = "<group>";
		};
		051DA3A6249D4C47007B9AFE /* Regular */ = {
			isa = PBXGroup;
			children = (
				051DA376249C95F8007B9AFE /* Model.swift */,
				051DA37A249C95F9007B9AFE /* Links.swift */,
				051DA37B249C95F9007B9AFE /* Profile_image.swift */,
				051DA37C249C95F9007B9AFE /* Sponsor.swift */,
				051DA379249C95F9007B9AFE /* Sponsorship.swift */,
				051DA378249C95F9007B9AFE /* Urls.swift */,
				051DA37D249C95F9007B9AFE /* User.swift */,
			);
			path = Regular;
			sourceTree = "<group>";
		};
		051DA3A7249D4C5C007B9AFE /* Search Results */ = {
			isa = PBXGroup;
			children = (
				051DA3AE249D4C72007B9AFE /* SearchResultsModel.swift */,
				051DA3B3249D4C73007B9AFE /* Tags.swift */,
				051DA3AC249D4C72007B9AFE /* Source.swift */,
				051DA3AF249D4C73007B9AFE /* Ancestry.swift */,
				051DA3A9249D4C72007B9AFE /* Category.swift */,
				051DA3AD249D4C72007B9AFE /* Subcategory.swift */,
				051DA3AB249D4C72007B9AFE /* CoverPhoto.swift */,
				051DA3AA249D4C72007B9AFE /* Type.swift */,
			);
			path = "Search Results";
			sourceTree = "<group>";
		};
		051DA3C6249D5F4A007B9AFE /* Feed */ = {
			isa = PBXGroup;
			children = (
				056A7B24249DB715004FF4CD /* ListHeaderView.swift */,
				056A7B22249DB6EA004FF4CD /* ListHeaderView.xib */,
				056A7B1C249D9E6A004FF4CD /* FeaturedCollectionViewCell.swift */,
				056A7B1D249D9E6A004FF4CD /* FeaturedCollectionViewCell.xib */,
				056A7B1A249D9DE1004FF4CD /* CenteredFlowLayout.swift */,
				051DA38F249D0A2D007B9AFE /* FeedCollectionViewCell.swift */,
				051DA390249D0A2D007B9AFE /* FeedCollectionViewCell.xib */,
			);
			path = Feed;
			sourceTree = "<group>";
		};
		051DA3C7249D5F54007B9AFE /* Search */ = {
			isa = PBXGroup;
			children = (
				051DA3A2249D2901007B9AFE /* SearchResultsTableViewCell.swift */,
				051DA3A3249D2901007B9AFE /* SearchResultsTableViewCell.xib */,
			);
			path = Search;
			sourceTree = "<group>";
		};
/* End PBXGroup section */

/* Begin PBXNativeTarget section */
		051DA355249C8D5E007B9AFE /* Photo Browser */ = {
			isa = PBXNativeTarget;
			buildConfigurationList = 051DA36A249C8D60007B9AFE /* Build configuration list for PBXNativeTarget "Photo Browser" */;
			buildPhases = (
				051DA352249C8D5E007B9AFE /* Sources */,
				051DA353249C8D5E007B9AFE /* Frameworks */,
				051DA354249C8D5E007B9AFE /* Resources */,
			);
			buildRules = (
			);
			dependencies = (
			);
			name = "Photo Browser";
			productName = "Photo Browser";
			productReference = 051DA356249C8D5E007B9AFE /* Photo Browser.app */;
			productType = "com.apple.product-type.application";
		};
/* End PBXNativeTarget section */

/* Begin PBXProject section */
		051DA34E249C8D5E007B9AFE /* Project object */ = {
			isa = PBXProject;
			attributes = {
				LastSwiftUpdateCheck = 1150;
				LastUpgradeCheck = 1150;
				ORGANIZATIONNAME = "Rafael Lellys";
				TargetAttributes = {
					051DA355249C8D5E007B9AFE = {
						CreatedOnToolsVersion = 11.5;
					};
				};
			};
			buildConfigurationList = 051DA351249C8D5E007B9AFE /* Build configuration list for PBXProject "Photo Browser" */;
			compatibilityVersion = "Xcode 9.3";
			developmentRegion = en;
			hasScannedForEncodings = 0;
			knownRegions = (
				en,
				Base,
			);
			mainGroup = 051DA34D249C8D5E007B9AFE;
			productRefGroup = 051DA357249C8D5E007B9AFE /* Products */;
			projectDirPath = "";
			projectRoot = "";
			targets = (
				051DA355249C8D5E007B9AFE /* Photo Browser */,
			);
		};
/* End PBXProject section */

/* Begin PBXResourcesBuildPhase section */
		051DA354249C8D5E007B9AFE /* Resources */ = {
			isa = PBXResourcesBuildPhase;
			buildActionMask = 2147483647;
			files = (
				051DA366249C8D60007B9AFE /* LaunchScreen.storyboard in Resources */,
				051DA363249C8D60007B9AFE /* Assets.xcassets in Resources */,
				051DA372249C8EB9007B9AFE /* Feed.storyboard in Resources */,
				051DA361249C8D5E007B9AFE /* Main.storyboard in Resources */,
				051DA392249D0A2D007B9AFE /* FeedCollectionViewCell.xib in Resources */,
				051DA374249C8EC5007B9AFE /* Search.storyboard in Resources */,
				056A7B23249DB6EA004FF4CD /* ListHeaderView.xib in Resources */,
				051DA398249D0E0E007B9AFE /* PhotoDetails.storyboard in Resources */,
				051DA3A5249D2901007B9AFE /* SearchResultsTableViewCell.xib in Resources */,
				056A7B1F249D9E6A004FF4CD /* FeaturedCollectionViewCell.xib in Resources */,
			);
			runOnlyForDeploymentPostprocessing = 0;
		};
/* End PBXResourcesBuildPhase section */

/* Begin PBXSourcesBuildPhase section */
		051DA352249C8D5E007B9AFE /* Sources */ = {
			isa = PBXSourcesBuildPhase;
			buildActionMask = 2147483647;
			files = (
				051DA38D249D0956007B9AFE /* PhotoDetailsViewController.swift in Sources */,
				051DA389249D0742007B9AFE /* NetworkManager.swift in Sources */,
				056A7B1B249D9DE1004FF4CD /* CenteredFlowLayout.swift in Sources */,
				059C4A28249FE682007366CC /* Storyboard+Extension.swift in Sources */,
				051DA3BC249D4C73007B9AFE /* Ancestry.swift in Sources */,
				051DA3A1249D23A3007B9AFE /* CircleView.swift in Sources */,
				051DA3B9249D4C73007B9AFE /* Source.swift in Sources */,
				051DA3BA249D4C73007B9AFE /* Subcategory.swift in Sources */,
				051DA37E249C95F9007B9AFE /* Model.swift in Sources */,
				051DA3A4249D2901007B9AFE /* SearchResultsTableViewCell.swift in Sources */,
				051DA370249C8E92007B9AFE /* SearchViewController.swift in Sources */,
				051DA384249C95F9007B9AFE /* Sponsor.swift in Sources */,
				056A7B25249DB715004FF4CD /* ListHeaderView.swift in Sources */,
				051DA35A249C8D5E007B9AFE /* AppDelegate.swift in Sources */,
				051DA382249C95F9007B9AFE /* Links.swift in Sources */,
				051DA39D249D2326007B9AFE /* BaseViewController.swift in Sources */,
				051DA39B249D2311007B9AFE /* UtilityMethods.swift in Sources */,
				051DA3B8249D4C73007B9AFE /* CoverPhoto.swift in Sources */,
				051DA383249C95F9007B9AFE /* Profile_image.swift in Sources */,
				051DA381249C95F9007B9AFE /* Sponsorship.swift in Sources */,
				051DA3C0249D4C73007B9AFE /* Tags.swift in Sources */,
				051DA385249C95F9007B9AFE /* User.swift in Sources */,
				051DA3B7249D4C73007B9AFE /* Type.swift in Sources */,
				051DA3BB249D4C73007B9AFE /* SearchResultsModel.swift in Sources */,
				051DA3C9249D7A4A007B9AFE /* RoundedCornersView.swift in Sources */,
				051DA36E249C8E83007B9AFE /* FeedViewController.swift in Sources */,
				051DA380249C95F9007B9AFE /* Urls.swift in Sources */,
				056A7B15249D9AC4004FF4CD /* AppFonts.swift in Sources */,
				05660533249EA171003640FF /* RoundedView.swift in Sources */,
				051DA391249D0A2D007B9AFE /* FeedCollectionViewCell.swift in Sources */,
				051DA35C249C8D5E007B9AFE /* SceneDelegate.swift in Sources */,
				056A7B1E249D9E6A004FF4CD /* FeaturedCollectionViewCell.swift in Sources */,
				051DA39F249D2362007B9AFE /* CustomIndicatorView.swift in Sources */,
				051DA3B6249D4C73007B9AFE /* Category.swift in Sources */,
			);
			runOnlyForDeploymentPostprocessing = 0;
		};
/* End PBXSourcesBuildPhase section */

/* Begin PBXVariantGroup section */
		051DA35F249C8D5E007B9AFE /* Main.storyboard */ = {
			isa = PBXVariantGroup;
			children = (
				051DA360249C8D5E007B9AFE /* Base */,
			);
			name = Main.storyboard;
			sourceTree = "<group>";
		};
		051DA364249C8D60007B9AFE /* LaunchScreen.storyboard */ = {
			isa = PBXVariantGroup;
			children = (
				051DA365249C8D60007B9AFE /* Base */,
			);
			name = LaunchScreen.storyboard;
			sourceTree = "<group>";
		};
/* End PBXVariantGroup section */

/* Begin XCBuildConfiguration section */
		051DA368249C8D60007B9AFE /* Debug */ = {
			isa = XCBuildConfiguration;
			buildSettings = {
				ALWAYS_SEARCH_USER_PATHS = NO;
				CLANG_ANALYZER_NONNULL = YES;
				CLANG_ANALYZER_NUMBER_OBJECT_CONVERSION = YES_AGGRESSIVE;
				CLANG_CXX_LANGUAGE_STANDARD = "gnu++14";
				CLANG_CXX_LIBRARY = "libc++";
				CLANG_ENABLE_MODULES = YES;
				CLANG_ENABLE_OBJC_ARC = YES;
				CLANG_ENABLE_OBJC_WEAK = YES;
				CLANG_WARN_BLOCK_CAPTURE_AUTORELEASING = YES;
				CLANG_WARN_BOOL_CONVERSION = YES;
				CLANG_WARN_COMMA = YES;
				CLANG_WARN_CONSTANT_CONVERSION = YES;
				CLANG_WARN_DEPRECATED_OBJC_IMPLEMENTATIONS = YES;
				CLANG_WARN_DIRECT_OBJC_ISA_USAGE = YES_ERROR;
				CLANG_WARN_DOCUMENTATION_COMMENTS = YES;
				CLANG_WARN_EMPTY_BODY = YES;
				CLANG_WARN_ENUM_CONVERSION = YES;
				CLANG_WARN_INFINITE_RECURSION = YES;
				CLANG_WARN_INT_CONVERSION = YES;
				CLANG_WARN_NON_LITERAL_NULL_CONVERSION = YES;
				CLANG_WARN_OBJC_IMPLICIT_RETAIN_SELF = YES;
				CLANG_WARN_OBJC_LITERAL_CONVERSION = YES;
				CLANG_WARN_OBJC_ROOT_CLASS = YES_ERROR;
				CLANG_WARN_RANGE_LOOP_ANALYSIS = YES;
				CLANG_WARN_STRICT_PROTOTYPES = YES;
				CLANG_WARN_SUSPICIOUS_MOVE = YES;
				CLANG_WARN_UNGUARDED_AVAILABILITY = YES_AGGRESSIVE;
				CLANG_WARN_UNREACHABLE_CODE = YES;
				CLANG_WARN__DUPLICATE_METHOD_MATCH = YES;
				COPY_PHASE_STRIP = NO;
				DEBUG_INFORMATION_FORMAT = dwarf;
				ENABLE_STRICT_OBJC_MSGSEND = YES;
				ENABLE_TESTABILITY = YES;
				GCC_C_LANGUAGE_STANDARD = gnu11;
				GCC_DYNAMIC_NO_PIC = NO;
				GCC_NO_COMMON_BLOCKS = YES;
				GCC_OPTIMIZATION_LEVEL = 0;
				GCC_PREPROCESSOR_DEFINITIONS = (
					"DEBUG=1",
					"$(inherited)",
				);
				GCC_WARN_64_TO_32_BIT_CONVERSION = YES;
				GCC_WARN_ABOUT_RETURN_TYPE = YES_ERROR;
				GCC_WARN_UNDECLARED_SELECTOR = YES;
				GCC_WARN_UNINITIALIZED_AUTOS = YES_AGGRESSIVE;
				GCC_WARN_UNUSED_FUNCTION = YES;
				GCC_WARN_UNUSED_VARIABLE = YES;
				IPHONEOS_DEPLOYMENT_TARGET = 13.5;
				MTL_ENABLE_DEBUG_INFO = INCLUDE_SOURCE;
				MTL_FAST_MATH = YES;
				ONLY_ACTIVE_ARCH = YES;
				SDKROOT = iphoneos;
				SWIFT_ACTIVE_COMPILATION_CONDITIONS = DEBUG;
				SWIFT_OPTIMIZATION_LEVEL = "-Onone";
			};
			name = Debug;
		};
		051DA369249C8D60007B9AFE /* Release */ = {
			isa = XCBuildConfiguration;
			buildSettings = {
				ALWAYS_SEARCH_USER_PATHS = NO;
				CLANG_ANALYZER_NONNULL = YES;
				CLANG_ANALYZER_NUMBER_OBJECT_CONVERSION = YES_AGGRESSIVE;
				CLANG_CXX_LANGUAGE_STANDARD = "gnu++14";
				CLANG_CXX_LIBRARY = "libc++";
				CLANG_ENABLE_MODULES = YES;
				CLANG_ENABLE_OBJC_ARC = YES;
				CLANG_ENABLE_OBJC_WEAK = YES;
				CLANG_WARN_BLOCK_CAPTURE_AUTORELEASING = YES;
				CLANG_WARN_BOOL_CONVERSION = YES;
				CLANG_WARN_COMMA = YES;
				CLANG_WARN_CONSTANT_CONVERSION = YES;
				CLANG_WARN_DEPRECATED_OBJC_IMPLEMENTATIONS = YES;
				CLANG_WARN_DIRECT_OBJC_ISA_USAGE = YES_ERROR;
				CLANG_WARN_DOCUMENTATION_COMMENTS = YES;
				CLANG_WARN_EMPTY_BODY = YES;
				CLANG_WARN_ENUM_CONVERSION = YES;
				CLANG_WARN_INFINITE_RECURSION = YES;
				CLANG_WARN_INT_CONVERSION = YES;
				CLANG_WARN_NON_LITERAL_NULL_CONVERSION = YES;
				CLANG_WARN_OBJC_IMPLICIT_RETAIN_SELF = YES;
				CLANG_WARN_OBJC_LITERAL_CONVERSION = YES;
				CLANG_WARN_OBJC_ROOT_CLASS = YES_ERROR;
				CLANG_WARN_RANGE_LOOP_ANALYSIS = YES;
				CLANG_WARN_STRICT_PROTOTYPES = YES;
				CLANG_WARN_SUSPICIOUS_MOVE = YES;
				CLANG_WARN_UNGUARDED_AVAILABILITY = YES_AGGRESSIVE;
				CLANG_WARN_UNREACHABLE_CODE = YES;
				CLANG_WARN__DUPLICATE_METHOD_MATCH = YES;
				COPY_PHASE_STRIP = NO;
				DEBUG_INFORMATION_FORMAT = "dwarf-with-dsym";
				ENABLE_NS_ASSERTIONS = NO;
				ENABLE_STRICT_OBJC_MSGSEND = YES;
				GCC_C_LANGUAGE_STANDARD = gnu11;
				GCC_NO_COMMON_BLOCKS = YES;
				GCC_WARN_64_TO_32_BIT_CONVERSION = YES;
				GCC_WARN_ABOUT_RETURN_TYPE = YES_ERROR;
				GCC_WARN_UNDECLARED_SELECTOR = YES;
				GCC_WARN_UNINITIALIZED_AUTOS = YES_AGGRESSIVE;
				GCC_WARN_UNUSED_FUNCTION = YES;
				GCC_WARN_UNUSED_VARIABLE = YES;
				IPHONEOS_DEPLOYMENT_TARGET = 13.5;
				MTL_ENABLE_DEBUG_INFO = NO;
				MTL_FAST_MATH = YES;
				SDKROOT = iphoneos;
				SWIFT_COMPILATION_MODE = wholemodule;
				SWIFT_OPTIMIZATION_LEVEL = "-O";
				VALIDATE_PRODUCT = YES;
			};
			name = Release;
		};
		051DA36B249C8D60007B9AFE /* Debug */ = {
			isa = XCBuildConfiguration;
			buildSettings = {
				ASSETCATALOG_COMPILER_APPICON_NAME = AppIcon;
				CODE_SIGN_STYLE = Automatic;
				DEVELOPMENT_TEAM = 8HFGHDM9KW;
				INFOPLIST_FILE = "Photo Browser/Info.plist";
				LD_RUNPATH_SEARCH_PATHS = (
					"$(inherited)",
					"@executable_path/Frameworks",
				);
				PRODUCT_BUNDLE_IDENTIFIER = "com.rafalellys.Photo-Browser";
				PRODUCT_NAME = "$(TARGET_NAME)";
				SWIFT_VERSION = 5.0;
				TARGETED_DEVICE_FAMILY = "1,2";
			};
			name = Debug;
		};
		051DA36C249C8D60007B9AFE /* Release */ = {
			isa = XCBuildConfiguration;
			buildSettings = {
				ASSETCATALOG_COMPILER_APPICON_NAME = AppIcon;
				CODE_SIGN_STYLE = Automatic;
				DEVELOPMENT_TEAM = 8HFGHDM9KW;
				INFOPLIST_FILE = "Photo Browser/Info.plist";
				LD_RUNPATH_SEARCH_PATHS = (
					"$(inherited)",
					"@executable_path/Frameworks",
				);
				PRODUCT_BUNDLE_IDENTIFIER = "com.rafalellys.Photo-Browser";
				PRODUCT_NAME = "$(TARGET_NAME)";
				SWIFT_VERSION = 5.0;
				TARGETED_DEVICE_FAMILY = "1,2";
			};
			name = Release;
		};
/* End XCBuildConfiguration section */

/* Begin XCConfigurationList section */
		051DA351249C8D5E007B9AFE /* Build configuration list for PBXProject "Photo Browser" */ = {
			isa = XCConfigurationList;
			buildConfigurations = (
				051DA368249C8D60007B9AFE /* Debug */,
				051DA369249C8D60007B9AFE /* Release */,
			);
			defaultConfigurationIsVisible = 0;
			defaultConfigurationName = Release;
		};
		051DA36A249C8D60007B9AFE /* Build configuration list for PBXNativeTarget "Photo Browser" */ = {
			isa = XCConfigurationList;
			buildConfigurations = (
				051DA36B249C8D60007B9AFE /* Debug */,
				051DA36C249C8D60007B9AFE /* Release */,
			);
			defaultConfigurationIsVisible = 0;
			defaultConfigurationName = Release;
		};
/* End XCConfigurationList section */
	};
	rootObject = 051DA34E249C8D5E007B9AFE /* Project object */;
}
